# This file is autogenerated, do not edit; changes may be undone by the next 'dep ensure'.


[[projects]]
  branch = "master"
  digest = "1:c2210a2b69165a03ef1bf7c7f1975ec3cd3e65042db461692960807afc73534f"
  name = "github.com/mrzkhd/tlgrm-bot"
  packages = ["domain"]
  pruneopts = "UT"
  revision = "fc82ee62554d799d85169d9030880df3fd514543"

[solve-meta]
  analyzer-name = "dep"
  analyzer-version = 1
  input-imports = ["github.com/mrzkhd/tlgrm-bot/domain"]
  solver-name = "gps-cdcl"
  solver-version = 1
